// !$*UTF8*$!
{
	archiveVersion = 1;
	classes = {
	};
	objectVersion = 50;
	objects = {

/* Begin PBXBuildFile section */
		324072A09F94754615B09BD3 /* Pods_Chatference.framework in Frameworks */ = {isa = PBXBuildFile; fileRef = 57E23AD40C2BEFE055690F21 /* Pods_Chatference.framework */; };
		D19C389C2181ACEE00887ED9 /* AppDelegate.swift in Sources */ = {isa = PBXBuildFile; fileRef = D19C389B2181ACEE00887ED9 /* AppDelegate.swift */; };
		D19C389E2181ACEE00887ED9 /* ViewController.swift in Sources */ = {isa = PBXBuildFile; fileRef = D19C389D2181ACEE00887ED9 /* ViewController.swift */; };
		D19C38A12181ACEE00887ED9 /* Main.storyboard in Resources */ = {isa = PBXBuildFile; fileRef = D19C389F2181ACEE00887ED9 /* Main.storyboard */; };
		D19C38A32181ACEF00887ED9 /* Assets.xcassets in Resources */ = {isa = PBXBuildFile; fileRef = D19C38A22181ACEF00887ED9 /* Assets.xcassets */; };
		D19C38A62181ACEF00887ED9 /* LaunchScreen.storyboard in Resources */ = {isa = PBXBuildFile; fileRef = D19C38A42181ACEF00887ED9 /* LaunchScreen.storyboard */; };
		D19C38B12181ACEF00887ED9 /* ChatferenceTests.swift in Sources */ = {isa = PBXBuildFile; fileRef = D19C38B02181ACEF00887ED9 /* ChatferenceTests.swift */; };
		D19C38BC2181ACEF00887ED9 /* ChatferenceUITests.swift in Sources */ = {isa = PBXBuildFile; fileRef = D19C38BB2181ACEF00887ED9 /* ChatferenceUITests.swift */; };
/* End PBXBuildFile section */

/* Begin PBXContainerItemProxy section */
		D19C38AD2181ACEF00887ED9 /* PBXContainerItemProxy */ = {
			isa = PBXContainerItemProxy;
			containerPortal = D19C38902181ACEE00887ED9 /* Project object */;
			proxyType = 1;
			remoteGlobalIDString = D19C38972181ACEE00887ED9;
			remoteInfo = Chatference;
		};
		D19C38B82181ACEF00887ED9 /* PBXContainerItemProxy */ = {
			isa = PBXContainerItemProxy;
			containerPortal = D19C38902181ACEE00887ED9 /* Project object */;
			proxyType = 1;
			remoteGlobalIDString = D19C38972181ACEE00887ED9;
			remoteInfo = Chatference;
		};
/* End PBXContainerItemProxy section */

/* Begin PBXFileReference section */
		4F7BC16842209B3641870AF5 /* Pods-Chatference.debug.xcconfig */ = {isa = PBXFileReference; includeInIndex = 1; lastKnownFileType = text.xcconfig; name = "Pods-Chatference.debug.xcconfig"; path = "Pods/Target Support Files/Pods-Chatference/Pods-Chatference.debug.xcconfig"; sourceTree = "<group>"; };
		57E23AD40C2BEFE055690F21 /* Pods_Chatference.framework */ = {isa = PBXFileReference; explicitFileType = wrapper.framework; includeInIndex = 0; path = Pods_Chatference.framework; sourceTree = BUILT_PRODUCTS_DIR; };
		D19C38982181ACEE00887ED9 /* Chatference.app */ = {isa = PBXFileReference; explicitFileType = wrapper.application; includeInIndex = 0; path = Chatference.app; sourceTree = BUILT_PRODUCTS_DIR; };
		D19C389B2181ACEE00887ED9 /* AppDelegate.swift */ = {isa = PBXFileReference; lastKnownFileType = sourcecode.swift; path = AppDelegate.swift; sourceTree = "<group>"; };
		D19C389D2181ACEE00887ED9 /* ViewController.swift */ = {isa = PBXFileReference; lastKnownFileType = sourcecode.swift; path = ViewController.swift; sourceTree = "<group>"; };
		D19C38A02181ACEE00887ED9 /* Base */ = {isa = PBXFileReference; lastKnownFileType = file.storyboard; name = Base; path = Base.lproj/Main.storyboard; sourceTree = "<group>"; };
		D19C38A22181ACEF00887ED9 /* Assets.xcassets */ = {isa = PBXFileReference; lastKnownFileType = folder.assetcatalog; path = Assets.xcassets; sourceTree = "<group>"; };
		D19C38A52181ACEF00887ED9 /* Base */ = {isa = PBXFileReference; lastKnownFileType = file.storyboard; name = Base; path = Base.lproj/LaunchScreen.storyboard; sourceTree = "<group>"; };
		D19C38A72181ACEF00887ED9 /* Info.plist */ = {isa = PBXFileReference; lastKnownFileType = text.plist.xml; path = Info.plist; sourceTree = "<group>"; };
		D19C38AC2181ACEF00887ED9 /* ChatferenceTests.xctest */ = {isa = PBXFileReference; explicitFileType = wrapper.cfbundle; includeInIndex = 0; path = ChatferenceTests.xctest; sourceTree = BUILT_PRODUCTS_DIR; };
		D19C38B02181ACEF00887ED9 /* ChatferenceTests.swift */ = {isa = PBXFileReference; lastKnownFileType = sourcecode.swift; path = ChatferenceTests.swift; sourceTree = "<group>"; };
		D19C38B22181ACEF00887ED9 /* Info.plist */ = {isa = PBXFileReference; lastKnownFileType = text.plist.xml; path = Info.plist; sourceTree = "<group>"; };
		D19C38B72181ACEF00887ED9 /* ChatferenceUITests.xctest */ = {isa = PBXFileReference; explicitFileType = wrapper.cfbundle; includeInIndex = 0; path = ChatferenceUITests.xctest; sourceTree = BUILT_PRODUCTS_DIR; };
		D19C38BB2181ACEF00887ED9 /* ChatferenceUITests.swift */ = {isa = PBXFileReference; lastKnownFileType = sourcecode.swift; path = ChatferenceUITests.swift; sourceTree = "<group>"; };
		D19C38BD2181ACF000887ED9 /* Info.plist */ = {isa = PBXFileReference; lastKnownFileType = text.plist.xml; path = Info.plist; sourceTree = "<group>"; };
		F533AD6CDAEE1A9BBC72D271 /* Pods-Chatference.release.xcconfig */ = {isa = PBXFileReference; includeInIndex = 1; lastKnownFileType = text.xcconfig; name = "Pods-Chatference.release.xcconfig"; path = "Pods/Target Support Files/Pods-Chatference/Pods-Chatference.release.xcconfig"; sourceTree = "<group>"; };
/* End PBXFileReference section */

/* Begin PBXFrameworksBuildPhase section */
		D19C38952181ACEE00887ED9 /* Frameworks */ = {
			isa = PBXFrameworksBuildPhase;
			buildActionMask = 2147483647;
			files = (
				324072A09F94754615B09BD3 /* Pods_Chatference.framework in Frameworks */,
			);
			runOnlyForDeploymentPostprocessing = 0;
		};
		D19C38A92181ACEF00887ED9 /* Frameworks */ = {
			isa = PBXFrameworksBuildPhase;
			buildActionMask = 2147483647;
			files = (
			);
			runOnlyForDeploymentPostprocessing = 0;
		};
		D19C38B42181ACEF00887ED9 /* Frameworks */ = {
			isa = PBXFrameworksBuildPhase;
			buildActionMask = 2147483647;
			files = (
			);
			runOnlyForDeploymentPostprocessing = 0;
		};
/* End PBXFrameworksBuildPhase section */

/* Begin PBXGroup section */
		668B17948EA52BF629EB8F35 /* Frameworks */ = {
			isa = PBXGroup;
			children = (
				57E23AD40C2BEFE055690F21 /* Pods_Chatference.framework */,
			);
			name = Frameworks;
			sourceTree = "<group>";
		};
		CC62F9476818CBEA0DED88D8 /* Pods */ = {
			isa = PBXGroup;
			children = (
				4F7BC16842209B3641870AF5 /* Pods-Chatference.debug.xcconfig */,
				F533AD6CDAEE1A9BBC72D271 /* Pods-Chatference.release.xcconfig */,
			);
			name = Pods;
			sourceTree = "<group>";
		};
		D19C388F2181ACEE00887ED9 = {
			isa = PBXGroup;
			children = (
				D19C389A2181ACEE00887ED9 /* Chatference */,
				D19C38AF2181ACEF00887ED9 /* ChatferenceTests */,
				D19C38BA2181ACEF00887ED9 /* ChatferenceUITests */,
				D19C38992181ACEE00887ED9 /* Products */,
				CC62F9476818CBEA0DED88D8 /* Pods */,
				668B17948EA52BF629EB8F35 /* Frameworks */,
			);
			sourceTree = "<group>";
		};
		D19C38992181ACEE00887ED9 /* Products */ = {
			isa = PBXGroup;
			children = (
				D19C38982181ACEE00887ED9 /* Chatference.app */,
				D19C38AC2181ACEF00887ED9 /* ChatferenceTests.xctest */,
				D19C38B72181ACEF00887ED9 /* ChatferenceUITests.xctest */,
			);
			name = Products;
			sourceTree = "<group>";
		};
		D19C389A2181ACEE00887ED9 /* Chatference */ = {
			isa = PBXGroup;
			children = (
				D19C389B2181ACEE00887ED9 /* AppDelegate.swift */,
				ED57F3362181B4FE0009BDC2 /* ViewControllers */,
				ED57F3372181B5060009BDC2 /* Views */,
				ED57F33B2181B51E0009BDC2 /* Storyboards */,
				ED57F33A2181B5180009BDC2 /* Models */,
				ED57F3392181B5130009BDC2 /* Utils */,
				ED57F3382181B50C0009BDC2 /* Resources */,
				ED57F33C2181B5270009BDC2 /* Supporting Files */,
			);
			path = Chatference;
			sourceTree = "<group>";
		};
		D19C38AF2181ACEF00887ED9 /* ChatferenceTests */ = {
			isa = PBXGroup;
			children = (
				D19C38B02181ACEF00887ED9 /* ChatferenceTests.swift */,
				D19C38B22181ACEF00887ED9 /* Info.plist */,
			);
			path = ChatferenceTests;
			sourceTree = "<group>";
		};
		D19C38BA2181ACEF00887ED9 /* ChatferenceUITests */ = {
			isa = PBXGroup;
			children = (
				D19C38BB2181ACEF00887ED9 /* ChatferenceUITests.swift */,
				D19C38BD2181ACF000887ED9 /* Info.plist */,
			);
			path = ChatferenceUITests;
			sourceTree = "<group>";
		};
		ED57F3362181B4FE0009BDC2 /* ViewControllers */ = {
			isa = PBXGroup;
			children = (
				D19C389D2181ACEE00887ED9 /* ViewController.swift */,
			);
			path = ViewControllers;
			sourceTree = "<group>";
		};
		ED57F3372181B5060009BDC2 /* Views */ = {
			isa = PBXGroup;
			children = (
			);
			path = Views;
			sourceTree = "<group>";
		};
		ED57F3382181B50C0009BDC2 /* Resources */ = {
			isa = PBXGroup;
			children = (
				D19C38A22181ACEF00887ED9 /* Assets.xcassets */,
			);
			path = Resources;
			sourceTree = "<group>";
		};
		ED57F3392181B5130009BDC2 /* Utils */ = {
			isa = PBXGroup;
			children = (
			);
			path = Utils;
			sourceTree = "<group>";
		};
		ED57F33A2181B5180009BDC2 /* Models */ = {
			isa = PBXGroup;
			children = (
			);
			path = Models;
			sourceTree = "<group>";
		};
		ED57F33B2181B51E0009BDC2 /* Storyboards */ = {
			isa = PBXGroup;
			children = (
				D19C389F2181ACEE00887ED9 /* Main.storyboard */,
				D19C38A42181ACEF00887ED9 /* LaunchScreen.storyboard */,
			);
			path = Storyboards;
			sourceTree = "<group>";
		};
		ED57F33C2181B5270009BDC2 /* Supporting Files */ = {
			isa = PBXGroup;
			children = (
				D19C38A72181ACEF00887ED9 /* Info.plist */,
			);
			path = "Supporting Files";
			sourceTree = "<group>";
		};
/* End PBXGroup section */

/* Begin PBXNativeTarget section */
		D19C38972181ACEE00887ED9 /* Chatference */ = {
			isa = PBXNativeTarget;
			buildConfigurationList = D19C38C02181ACF000887ED9 /* Build configuration list for PBXNativeTarget "Chatference" */;
			buildPhases = (
				37CAF470A6E056E32BFF9AF0 /* [CP] Check Pods Manifest.lock */,
				D19C38942181ACEE00887ED9 /* Sources */,
				D19C38952181ACEE00887ED9 /* Frameworks */,
				D19C38962181ACEE00887ED9 /* Resources */,
				D7BD12303EF836D69D1F9D4C /* [CP] Embed Pods Frameworks */,
			);
			buildRules = (
			);
			dependencies = (
			);
			name = Chatference;
			productName = Chatference;
			productReference = D19C38982181ACEE00887ED9 /* Chatference.app */;
			productType = "com.apple.product-type.application";
		};
		D19C38AB2181ACEF00887ED9 /* ChatferenceTests */ = {
			isa = PBXNativeTarget;
			buildConfigurationList = D19C38C32181ACF000887ED9 /* Build configuration list for PBXNativeTarget "ChatferenceTests" */;
			buildPhases = (
				D19C38A82181ACEF00887ED9 /* Sources */,
				D19C38A92181ACEF00887ED9 /* Frameworks */,
				D19C38AA2181ACEF00887ED9 /* Resources */,
			);
			buildRules = (
			);
			dependencies = (
				D19C38AE2181ACEF00887ED9 /* PBXTargetDependency */,
			);
			name = ChatferenceTests;
			productName = ChatferenceTests;
			productReference = D19C38AC2181ACEF00887ED9 /* ChatferenceTests.xctest */;
			productType = "com.apple.product-type.bundle.unit-test";
		};
		D19C38B62181ACEF00887ED9 /* ChatferenceUITests */ = {
			isa = PBXNativeTarget;
			buildConfigurationList = D19C38C62181ACF000887ED9 /* Build configuration list for PBXNativeTarget "ChatferenceUITests" */;
			buildPhases = (
				D19C38B32181ACEF00887ED9 /* Sources */,
				D19C38B42181ACEF00887ED9 /* Frameworks */,
				D19C38B52181ACEF00887ED9 /* Resources */,
			);
			buildRules = (
			);
			dependencies = (
				D19C38B92181ACEF00887ED9 /* PBXTargetDependency */,
			);
			name = ChatferenceUITests;
			productName = ChatferenceUITests;
			productReference = D19C38B72181ACEF00887ED9 /* ChatferenceUITests.xctest */;
			productType = "com.apple.product-type.bundle.ui-testing";
		};
/* End PBXNativeTarget section */

/* Begin PBXProject section */
		D19C38902181ACEE00887ED9 /* Project object */ = {
			isa = PBXProject;
			attributes = {
				LastSwiftUpdateCheck = 1000;
				LastUpgradeCheck = 1000;
				ORGANIZATIONNAME = "Ryno Claassen";
				TargetAttributes = {
					D19C38972181ACEE00887ED9 = {
						CreatedOnToolsVersion = 10.0;
					};
					D19C38AB2181ACEF00887ED9 = {
						CreatedOnToolsVersion = 10.0;
						TestTargetID = D19C38972181ACEE00887ED9;
					};
					D19C38B62181ACEF00887ED9 = {
						CreatedOnToolsVersion = 10.0;
						TestTargetID = D19C38972181ACEE00887ED9;
					};
				};
			};
			buildConfigurationList = D19C38932181ACEE00887ED9 /* Build configuration list for PBXProject "Chatference" */;
			compatibilityVersion = "Xcode 9.3";
			developmentRegion = en;
			hasScannedForEncodings = 0;
			knownRegions = (
				en,
				Base,
			);
			mainGroup = D19C388F2181ACEE00887ED9;
			productRefGroup = D19C38992181ACEE00887ED9 /* Products */;
			projectDirPath = "";
			projectRoot = "";
			targets = (
				D19C38972181ACEE00887ED9 /* Chatference */,
				D19C38AB2181ACEF00887ED9 /* ChatferenceTests */,
				D19C38B62181ACEF00887ED9 /* ChatferenceUITests */,
			);
		};
/* End PBXProject section */

/* Begin PBXResourcesBuildPhase section */
		D19C38962181ACEE00887ED9 /* Resources */ = {
			isa = PBXResourcesBuildPhase;
			buildActionMask = 2147483647;
			files = (
				D19C38A62181ACEF00887ED9 /* LaunchScreen.storyboard in Resources */,
				D19C38A32181ACEF00887ED9 /* Assets.xcassets in Resources */,
				D19C38A12181ACEE00887ED9 /* Main.storyboard in Resources */,
			);
			runOnlyForDeploymentPostprocessing = 0;
		};
		D19C38AA2181ACEF00887ED9 /* Resources */ = {
			isa = PBXResourcesBuildPhase;
			buildActionMask = 2147483647;
			files = (
			);
			runOnlyForDeploymentPostprocessing = 0;
		};
		D19C38B52181ACEF00887ED9 /* Resources */ = {
			isa = PBXResourcesBuildPhase;
			buildActionMask = 2147483647;
			files = (
			);
			runOnlyForDeploymentPostprocessing = 0;
		};
/* End PBXResourcesBuildPhase section */

/* Begin PBXShellScriptBuildPhase section */
		37CAF470A6E056E32BFF9AF0 /* [CP] Check Pods Manifest.lock */ = {
			isa = PBXShellScriptBuildPhase;
			buildActionMask = 2147483647;
			files = (
			);
			inputPaths = (
				"${PODS_PODFILE_DIR_PATH}/Podfile.lock",
				"${PODS_ROOT}/Manifest.lock",
			);
			name = "[CP] Check Pods Manifest.lock";
			outputPaths = (
				"$(DERIVED_FILE_DIR)/Pods-Chatference-checkManifestLockResult.txt",
			);
			runOnlyForDeploymentPostprocessing = 0;
			shellPath = /bin/sh;
			shellScript = "diff \"${PODS_PODFILE_DIR_PATH}/Podfile.lock\" \"${PODS_ROOT}/Manifest.lock\" > /dev/null\nif [ $? != 0 ] ; then\n    # print error to STDERR\n    echo \"error: The sandbox is not in sync with the Podfile.lock. Run 'pod install' or update your CocoaPods installation.\" >&2\n    exit 1\nfi\n# This output is used by Xcode 'outputs' to avoid re-running this script phase.\necho \"SUCCESS\" > \"${SCRIPT_OUTPUT_FILE_0}\"\n";
			showEnvVarsInLog = 0;
		};
		D7BD12303EF836D69D1F9D4C /* [CP] Embed Pods Frameworks */ = {
			isa = PBXShellScriptBuildPhase;
			buildActionMask = 2147483647;
			files = (
			);
			inputPaths = (
				"${SRCROOT}/Pods/Target Support Files/Pods-Chatference/Pods-Chatference-frameworks.sh",
				"${BUILT_PRODUCTS_DIR}/Alamofire/Alamofire.framework",
				"${BUILT_PRODUCTS_DIR}/GoogleUtilities/GoogleUtilities.framework",
				"${BUILT_PRODUCTS_DIR}/SDWebImage/SDWebImage.framework",
				"${BUILT_PRODUCTS_DIR}/nanopb/nanopb.framework",
			);
			name = "[CP] Embed Pods Frameworks";
			outputPaths = (
				"${TARGET_BUILD_DIR}/${FRAMEWORKS_FOLDER_PATH}/Alamofire.framework",
				"${TARGET_BUILD_DIR}/${FRAMEWORKS_FOLDER_PATH}/GoogleUtilities.framework",
				"${TARGET_BUILD_DIR}/${FRAMEWORKS_FOLDER_PATH}/SDWebImage.framework",
				"${TARGET_BUILD_DIR}/${FRAMEWORKS_FOLDER_PATH}/nanopb.framework",
			);
			runOnlyForDeploymentPostprocessing = 0;
			shellPath = /bin/sh;
			shellScript = "\"${SRCROOT}/Pods/Target Support Files/Pods-Chatference/Pods-Chatference-frameworks.sh\"\n";
			showEnvVarsInLog = 0;
		};
/* End PBXShellScriptBuildPhase section */

/* Begin PBXSourcesBuildPhase section */
		D19C38942181ACEE00887ED9 /* Sources */ = {
			isa = PBXSourcesBuildPhase;
			buildActionMask = 2147483647;
			files = (
				D19C389E2181ACEE00887ED9 /* ViewController.swift in Sources */,
				D19C389C2181ACEE00887ED9 /* AppDelegate.swift in Sources */,
			);
			runOnlyForDeploymentPostprocessing = 0;
		};
		D19C38A82181ACEF00887ED9 /* Sources */ = {
			isa = PBXSourcesBuildPhase;
			buildActionMask = 2147483647;
			files = (
				D19C38B12181ACEF00887ED9 /* ChatferenceTests.swift in Sources */,
			);
			runOnlyForDeploymentPostprocessing = 0;
		};
		D19C38B32181ACEF00887ED9 /* Sources */ = {
			isa = PBXSourcesBuildPhase;
			buildActionMask = 2147483647;
			files = (
				D19C38BC2181ACEF00887ED9 /* ChatferenceUITests.swift in Sources */,
			);
			runOnlyForDeploymentPostprocessing = 0;
		};
/* End PBXSourcesBuildPhase section */

/* Begin PBXTargetDependency section */
		D19C38AE2181ACEF00887ED9 /* PBXTargetDependency */ = {
			isa = PBXTargetDependency;
			target = D19C38972181ACEE00887ED9 /* Chatference */;
			targetProxy = D19C38AD2181ACEF00887ED9 /* PBXContainerItemProxy */;
		};
		D19C38B92181ACEF00887ED9 /* PBXTargetDependency */ = {
			isa = PBXTargetDependency;
			target = D19C38972181ACEE00887ED9 /* Chatference */;
			targetProxy = D19C38B82181ACEF00887ED9 /* PBXContainerItemProxy */;
		};
/* End PBXTargetDependency section */

/* Begin PBXVariantGroup section */
		D19C389F2181ACEE00887ED9 /* Main.storyboard */ = {
			isa = PBXVariantGroup;
			children = (
				D19C38A02181ACEE00887ED9 /* Base */,
			);
			name = Main.storyboard;
			sourceTree = "<group>";
		};
		D19C38A42181ACEF00887ED9 /* LaunchScreen.storyboard */ = {
			isa = PBXVariantGroup;
			children = (
				D19C38A52181ACEF00887ED9 /* Base */,
			);
			name = LaunchScreen.storyboard;
			sourceTree = "<group>";
		};
/* End PBXVariantGroup section */

/* Begin XCBuildConfiguration section */
		D19C38BE2181ACF000887ED9 /* Debug */ = {
			isa = XCBuildConfiguration;
			buildSettings = {
				ALWAYS_SEARCH_USER_PATHS = NO;
				CLANG_ANALYZER_NONNULL = YES;
				CLANG_ANALYZER_NUMBER_OBJECT_CONVERSION = YES_AGGRESSIVE;
				CLANG_CXX_LANGUAGE_STANDARD = "gnu++14";
				CLANG_CXX_LIBRARY = "libc++";
				CLANG_ENABLE_MODULES = YES;
				CLANG_ENABLE_OBJC_ARC = YES;
				CLANG_ENABLE_OBJC_WEAK = YES;
				CLANG_WARN_BLOCK_CAPTURE_AUTORELEASING = YES;
				CLANG_WARN_BOOL_CONVERSION = YES;
				CLANG_WARN_COMMA = YES;
				CLANG_WARN_CONSTANT_CONVERSION = YES;
				CLANG_WARN_DEPRECATED_OBJC_IMPLEMENTATIONS = YES;
				CLANG_WARN_DIRECT_OBJC_ISA_USAGE = YES_ERROR;
				CLANG_WARN_DOCUMENTATION_COMMENTS = YES;
				CLANG_WARN_EMPTY_BODY = YES;
				CLANG_WARN_ENUM_CONVERSION = YES;
				CLANG_WARN_INFINITE_RECURSION = YES;
				CLANG_WARN_INT_CONVERSION = YES;
				CLANG_WARN_NON_LITERAL_NULL_CONVERSION = YES;
				CLANG_WARN_OBJC_IMPLICIT_RETAIN_SELF = YES;
				CLANG_WARN_OBJC_LITERAL_CONVERSION = YES;
				CLANG_WARN_OBJC_ROOT_CLASS = YES_ERROR;
				CLANG_WARN_RANGE_LOOP_ANALYSIS = YES;
				CLANG_WARN_STRICT_PROTOTYPES = YES;
				CLANG_WARN_SUSPICIOUS_MOVE = YES;
				CLANG_WARN_UNGUARDED_AVAILABILITY = YES_AGGRESSIVE;
				CLANG_WARN_UNREACHABLE_CODE = YES;
				CLANG_WARN__DUPLICATE_METHOD_MATCH = YES;
				CODE_SIGN_IDENTITY = "iPhone Developer";
				COPY_PHASE_STRIP = NO;
				DEBUG_INFORMATION_FORMAT = dwarf;
				ENABLE_STRICT_OBJC_MSGSEND = YES;
				ENABLE_TESTABILITY = YES;
				GCC_C_LANGUAGE_STANDARD = gnu11;
				GCC_DYNAMIC_NO_PIC = NO;
				GCC_NO_COMMON_BLOCKS = YES;
				GCC_OPTIMIZATION_LEVEL = 0;
				GCC_PREPROCESSOR_DEFINITIONS = (
					"DEBUG=1",
					"$(inherited)",
				);
				GCC_WARN_64_TO_32_BIT_CONVERSION = YES;
				GCC_WARN_ABOUT_RETURN_TYPE = YES_ERROR;
				GCC_WARN_UNDECLARED_SELECTOR = YES;
				GCC_WARN_UNINITIALIZED_AUTOS = YES_AGGRESSIVE;
				GCC_WARN_UNUSED_FUNCTION = YES;
				GCC_WARN_UNUSED_VARIABLE = YES;
				IPHONEOS_DEPLOYMENT_TARGET = 12.0;
				MTL_ENABLE_DEBUG_INFO = INCLUDE_SOURCE;
				MTL_FAST_MATH = YES;
				ONLY_ACTIVE_ARCH = YES;
				SDKROOT = iphoneos;
				SWIFT_ACTIVE_COMPILATION_CONDITIONS = DEBUG;
				SWIFT_OPTIMIZATION_LEVEL = "-Onone";
			};
			name = Debug;
		};
		D19C38BF2181ACF000887ED9 /* Release */ = {
			isa = XCBuildConfiguration;
			buildSettings = {
				ALWAYS_SEARCH_USER_PATHS = NO;
				CLANG_ANALYZER_NONNULL = YES;
				CLANG_ANALYZER_NUMBER_OBJECT_CONVERSION = YES_AGGRESSIVE;
				CLANG_CXX_LANGUAGE_STANDARD = "gnu++14";
				CLANG_CXX_LIBRARY = "libc++";
				CLANG_ENABLE_MODULES = YES;
				CLANG_ENABLE_OBJC_ARC = YES;
				CLANG_ENABLE_OBJC_WEAK = YES;
				CLANG_WARN_BLOCK_CAPTURE_AUTORELEASING = YES;
				CLANG_WARN_BOOL_CONVERSION = YES;
				CLANG_WARN_COMMA = YES;
				CLANG_WARN_CONSTANT_CONVERSION = YES;
				CLANG_WARN_DEPRECATED_OBJC_IMPLEMENTATIONS = YES;
				CLANG_WARN_DIRECT_OBJC_ISA_USAGE = YES_ERROR;
				CLANG_WARN_DOCUMENTATION_COMMENTS = YES;
				CLANG_WARN_EMPTY_BODY = YES;
				CLANG_WARN_ENUM_CONVERSION = YES;
				CLANG_WARN_INFINITE_RECURSION = YES;
				CLANG_WARN_INT_CONVERSION = YES;
				CLANG_WARN_NON_LITERAL_NULL_CONVERSION = YES;
				CLANG_WARN_OBJC_IMPLICIT_RETAIN_SELF = YES;
				CLANG_WARN_OBJC_LITERAL_CONVERSION = YES;
				CLANG_WARN_OBJC_ROOT_CLASS = YES_ERROR;
				CLANG_WARN_RANGE_LOOP_ANALYSIS = YES;
				CLANG_WARN_STRICT_PROTOTYPES = YES;
				CLANG_WARN_SUSPICIOUS_MOVE = YES;
				CLANG_WARN_UNGUARDED_AVAILABILITY = YES_AGGRESSIVE;
				CLANG_WARN_UNREACHABLE_CODE = YES;
				CLANG_WARN__DUPLICATE_METHOD_MATCH = YES;
				CODE_SIGN_IDENTITY = "iPhone Developer";
				COPY_PHASE_STRIP = NO;
				DEBUG_INFORMATION_FORMAT = "dwarf-with-dsym";
				ENABLE_NS_ASSERTIONS = NO;
				ENABLE_STRICT_OBJC_MSGSEND = YES;
				GCC_C_LANGUAGE_STANDARD = gnu11;
				GCC_NO_COMMON_BLOCKS = YES;
				GCC_WARN_64_TO_32_BIT_CONVERSION = YES;
				GCC_WARN_ABOUT_RETURN_TYPE = YES_ERROR;
				GCC_WARN_UNDECLARED_SELECTOR = YES;
				GCC_WARN_UNINITIALIZED_AUTOS = YES_AGGRESSIVE;
				GCC_WARN_UNUSED_FUNCTION = YES;
				GCC_WARN_UNUSED_VARIABLE = YES;
				IPHONEOS_DEPLOYMENT_TARGET = 12.0;
				MTL_ENABLE_DEBUG_INFO = NO;
				MTL_FAST_MATH = YES;
				SDKROOT = iphoneos;
				SWIFT_COMPILATION_MODE = wholemodule;
				SWIFT_OPTIMIZATION_LEVEL = "-O";
				VALIDATE_PRODUCT = YES;
			};
			name = Release;
		};
		D19C38C12181ACF000887ED9 /* Debug */ = {
			isa = XCBuildConfiguration;
			baseConfigurationReference = 4F7BC16842209B3641870AF5 /* Pods-Chatference.debug.xcconfig */;
			buildSettings = {
				ASSETCATALOG_COMPILER_APPICON_NAME = AppIcon;
				CODE_SIGN_STYLE = Automatic;
				INFOPLIST_FILE = "Chatference/Supporting Files/Info.plist";
				LD_RUNPATH_SEARCH_PATHS = (
					"$(inherited)",
					"@executable_path/Frameworks",
				);
				PRODUCT_BUNDLE_IDENTIFIER = za.co.polymorph.Chatference;
				PRODUCT_NAME = "$(TARGET_NAME)";
				SWIFT_VERSION = 4.2;
				TARGETED_DEVICE_FAMILY = "1,2";
			};
			name = Debug;
		};
		D19C38C22181ACF000887ED9 /* Release */ = {
			isa = XCBuildConfiguration;
			baseConfigurationReference = F533AD6CDAEE1A9BBC72D271 /* Pods-Chatference.release.xcconfig */;
			buildSettings = {
				ASSETCATALOG_COMPILER_APPICON_NAME = AppIcon;
				CODE_SIGN_STYLE = Automatic;
				INFOPLIST_FILE = "Chatference/Supporting Files/Info.plist";
				LD_RUNPATH_SEARCH_PATHS = (
					"$(inherited)",
					"@executable_path/Frameworks",
				);
				PRODUCT_BUNDLE_IDENTIFIER = za.co.polymorph.Chatference;
				PRODUCT_NAME = "$(TARGET_NAME)";
				SWIFT_VERSION = 4.2;
				TARGETED_DEVICE_FAMILY = "1,2";
			};
			name = Release;
		};
		D19C38C42181ACF000887ED9 /* Debug */ = {
			isa = XCBuildConfiguration;
			buildSettings = {
				ALWAYS_EMBED_SWIFT_STANDARD_LIBRARIES = YES;
				BUNDLE_LOADER = "$(TEST_HOST)";
				CODE_SIGN_STYLE = Automatic;
				INFOPLIST_FILE = ChatferenceTests/Info.plist;
				LD_RUNPATH_SEARCH_PATHS = (
					"$(inherited)",
					"@executable_path/Frameworks",
					"@loader_path/Frameworks",
				);
				PRODUCT_BUNDLE_IDENTIFIER = za.co.polymorph.ChatferenceTests;
				PRODUCT_NAME = "$(TARGET_NAME)";
				SWIFT_VERSION = 4.2;
				TARGETED_DEVICE_FAMILY = "1,2";
				TEST_HOST = "$(BUILT_PRODUCTS_DIR)/Chatference.app/Chatference";
			};
			name = Debug;
		};
		D19C38C52181ACF000887ED9 /* Release */ = {
			isa = XCBuildConfiguration;
			buildSettings = {
				ALWAYS_EMBED_SWIFT_STANDARD_LIBRARIES = YES;
				BUNDLE_LOADER = "$(TEST_HOST)";
				CODE_SIGN_STYLE = Automatic;
				INFOPLIST_FILE = ChatferenceTests/Info.plist;
				LD_RUNPATH_SEARCH_PATHS = (
					"$(inherited)",
					"@executable_path/Frameworks",
					"@loader_path/Frameworks",
				);
				PRODUCT_BUNDLE_IDENTIFIER = za.co.polymorph.ChatferenceTests;
				PRODUCT_NAME = "$(TARGET_NAME)";
				SWIFT_VERSION = 4.2;
				TARGETED_DEVICE_FAMILY = "1,2";
				TEST_HOST = "$(BUILT_PRODUCTS_DIR)/Chatference.app/Chatference";
			};
			name = Release;
		};
		D19C38C72181ACF000887ED9 /* Debug */ = {
			isa = XCBuildConfiguration;
			buildSettings = {
				ALWAYS_EMBED_SWIFT_STANDARD_LIBRARIES = YES;
				CODE_SIGN_STYLE = Automatic;
				INFOPLIST_FILE = ChatferenceUITests/Info.plist;
				LD_RUNPATH_SEARCH_PATHS = (
					"$(inherited)",
					"@executable_path/Frameworks",
					"@loader_path/Frameworks",
				);
				PRODUCT_BUNDLE_IDENTIFIER = za.co.polymorph.ChatferenceUITests;
				PRODUCT_NAME = "$(TARGET_NAME)";
				SWIFT_VERSION = 4.2;
				TARGETED_DEVICE_FAMILY = "1,2";
				TEST_TARGET_NAME = Chatference;
			};
			name = Debug;
		};
		D19C38C82181ACF000887ED9 /* Release */ = {
			isa = XCBuildConfiguration;
			buildSettings = {
				ALWAYS_EMBED_SWIFT_STANDARD_LIBRARIES = YES;
				CODE_SIGN_STYLE = Automatic;
				INFOPLIST_FILE = ChatferenceUITests/Info.plist;
				LD_RUNPATH_SEARCH_PATHS = (
					"$(inherited)",
					"@executable_path/Frameworks",
					"@loader_path/Frameworks",
				);
				PRODUCT_BUNDLE_IDENTIFIER = za.co.polymorph.ChatferenceUITests;
				PRODUCT_NAME = "$(TARGET_NAME)";
				SWIFT_VERSION = 4.2;
				TARGETED_DEVICE_FAMILY = "1,2";
				TEST_TARGET_NAME = Chatference;
			};
			name = Release;
		};
/* End XCBuildConfiguration section */

/* Begin XCConfigurationList section */
		D19C38932181ACEE00887ED9 /* Build configuration list for PBXProject "Chatference" */ = {
			isa = XCConfigurationList;
			buildConfigurations = (
				D19C38BE2181ACF000887ED9 /* Debug */,
				D19C38BF2181ACF000887ED9 /* Release */,
			);
			defaultConfigurationIsVisible = 0;
			defaultConfigurationName = Release;
		};
		D19C38C02181ACF000887ED9 /* Build configuration list for PBXNativeTarget "Chatference" */ = {
			isa = XCConfigurationList;
			buildConfigurations = (
				D19C38C12181ACF000887ED9 /* Debug */,
				D19C38C22181ACF000887ED9 /* Release */,
			);
			defaultConfigurationIsVisible = 0;
			defaultConfigurationName = Release;
		};
		D19C38C32181ACF000887ED9 /* Build configuration list for PBXNativeTarget "ChatferenceTests" */ = {
			isa = XCConfigurationList;
			buildConfigurations = (
				D19C38C42181ACF000887ED9 /* Debug */,
				D19C38C52181ACF000887ED9 /* Release */,
			);
			defaultConfigurationIsVisible = 0;
			defaultConfigurationName = Release;
		};
		D19C38C62181ACF000887ED9 /* Build configuration list for PBXNativeTarget "ChatferenceUITests" */ = {
			isa = XCConfigurationList;
			buildConfigurations = (
				D19C38C72181ACF000887ED9 /* Debug */,
				D19C38C82181ACF000887ED9 /* Release */,
			);
			defaultConfigurationIsVisible = 0;
			defaultConfigurationName = Release;
		};
/* End XCConfigurationList section */
	};
	rootObject = D19C38902181ACEE00887ED9 /* Project object */;
}
